{
  "name": "jupiter-trading-bot",
  "version": "1.0.0",
  "lockfileVersion": 3,
  "requires": true,
  "packages": {
    "": {
      "name": "jupiter-trading-bot",
      "version": "1.0.0",
      "license": "MIT",
      "dependencies": {
        "@jup-ag/api": "^6.0.30"
      }
    },
    "node_modules/@jup-ag/api": {
      "version": "6.0.30",
      "resolved": "https://registry.npmjs.org/@jup-ag/api/-/api-6.0.30.tgz",
      "integrity": "sha512-+LSo5yXR150kXg+iyVhNCSwK+PSL+MsB9Wvl930zgeeW0LWUTGyMhibz6wcqcViol+F0RMAVOYh6ryJYO1kkZw=="
    }
  }
}
